<?xml version="1.0" encoding="utf-8"?>
<Project ToolsVersion="4.0" xmlns="http://schemas.microsoft.com/developer/msbuild/2003">
  <ItemGroup>
    <Filter Include="Source Files">
      <UniqueIdentifier>{4FC737F1-C7A5-4376-A066-2A32D752A2FF}</UniqueIdentifier>
      <Extensions>cpp;c;cc;cxx;def;odl;idl;hpj;bat;asm;asmx</Extensions>
    </Filter>
    <Filter Include="ThirdParty">
      <UniqueIdentifier>{e2eefc54-d0bb-4f1a-99f7-dccd9b1392ce}</UniqueIdentifier>
    </Filter>
  </ItemGroup>
  <ItemGroup>
    <ClCompile Include="Source\BaseUnits.cpp">
      <Filter>Source Files</Filter>
    </ClCompile>
    <ClCompile Include="Source\Config.cpp">
      <Filter>Source Files</Filter>
    </ClCompile>
    <ClCompile Include="Source\Engine.cpp">
      <Filter>Source Files</Filter>
    </ClCompile>
    <ClCompile Include="Source\Globals.cpp">
      <Filter>Source Files</Filter>
    </ClCompile>
    <ClCompile Include="Source\Gui.cpp">
      <Filter>Source Files</Filter>
    </ClCompile>
    <ClCompile Include="Source\GuiElements.cpp">
      <Filter>Source Files</Filter>
    </ClCompile>
    <ClCompile Include="Source\GuiManager.cpp">
      <Filter>Source Files</Filter>
    </ClCompile>
    <ClCompile Include="Source\IO.cpp">
      <Filter>Source Files</Filter>
    </ClCompile>
    <ClCompile Include="Source\Logging.cpp">
      <Filter>Source Files</Filter>
    </ClCompile>
    <ClCompile Include="Source\ParticleSystem.cpp">
      <Filter>Source Files</Filter>
    </ClCompile>
    <ClCompile Include="Source\Primitives.cpp">
      <Filter>Source Files</Filter>
    </ClCompile>
    <ClCompile Include="Source\RaylibModel.cpp">
      <Filter>Source Files</Filter>
    </ClCompile>
    <ClCompile Include="Source\ResourceManager.cpp">
      <Filter>Source Files</Filter>
    </ClCompile>
    <ClCompile Include="Source\RNG.cpp">
      <Filter>Source Files</Filter>
    </ClCompile>
    <ClCompile Include="Source\ScriptingSystem.cpp">
      <Filter>Source Files</Filter>
    </ClCompile>
    <ClCompile Include="Source\StateMachine.cpp">
      <Filter>Source Files</Filter>
    </ClCompile>
    <ClCompile Include="Source\TooltipSystem.cpp">
      <Filter>Source Files</Filter>
    </ClCompile>
  </ItemGroup>
  <ItemGroup>
    <ClInclude Include="Source\BaseUnits.h">
      <Filter>Source Files</Filter>
    </ClInclude>
    <ClInclude Include="Source\Config.h">
      <Filter>Source Files</Filter>
    </ClInclude>
    <ClInclude Include="Source\Engine.h">
      <Filter>Source Files</Filter>
    </ClInclude>
    <ClInclude Include="Source\Globals.h">
      <Filter>Source Files</Filter>
    </ClInclude>
    <ClInclude Include="Source\Gui.h">
      <Filter>Source Files</Filter>
    </ClInclude>
    <ClInclude Include="Source\GuiElements.h">
      <Filter>Source Files</Filter>
    </ClInclude>
    <ClInclude Include="Source\GuiManager.h">
      <Filter>Source Files</Filter>
    </ClInclude>
    <ClInclude Include="Source\IO.h">
      <Filter>Source Files</Filter>
    </ClInclude>
    <ClInclude Include="Source\Logging.h">
      <Filter>Source Files</Filter>
    </ClInclude>
    <ClInclude Include="Source\Object.h">
      <Filter>Source Files</Filter>
    </ClInclude>
    <ClInclude Include="Source\ParticleSystem.h">
      <Filter>Source Files</Filter>
    </ClInclude>
    <ClInclude Include="Source\Primitives.h">
      <Filter>Source Files</Filter>
    </ClInclude>
    <ClInclude Include="Source\RaylibModel.h">
      <Filter>Source Files</Filter>
    </ClInclude>
    <ClInclude Include="Source\ResourceManager.h">
      <Filter>Source Files</Filter>
    </ClInclude>
    <ClInclude Include="Source\RNG.h">
      <Filter>Source Files</Filter>
    </ClInclude>
    <ClInclude Include="Source\ScriptingSystem.h">
      <Filter>Source Files</Filter>
    </ClInclude>
    <ClInclude Include="Source\State.h">
      <Filter>Source Files</Filter>
    </ClInclude>
    <ClInclude Include="Source\StateMachine.h">
      <Filter>Source Files</Filter>
    </ClInclude>
    <ClInclude Include="Source\TooltipSystem.h">
      <Filter>Source Files</Filter>
    </ClInclude>
  </ItemGroup>
</Project>